PODS:
  - SVProgressHUD (2.1.2)
  - TLKit (10.1.17083000)

DEPENDENCIES:
  - SVProgressHUD
  - TLKit

SPEC CHECKSUMS:
  SVProgressHUD: c404a55d78acbeb7ebb78b76d3faf986475a6994
  TLKit: f3e69db0118f3af31f90a3bc76ae25a19165e53a

PODFILE CHECKSUM: 476bdab8200d118f1e40b1b617e2ec7aa2d855ef

COCOAPODS: 1.2.1
