PODS:
  - SVProgressHUD (2.1.2)
  - TLKit (8.0.17042802)

DEPENDENCIES:
  - SVProgressHUD
  - TLKit

SPEC CHECKSUMS:
  SVProgressHUD: c404a55d78acbeb7ebb78b76d3faf986475a6994
  TLKit: 2bcfd92350a2b00d3119874ce7e1e47dbc76d86e

PODFILE CHECKSUM: 4bff2885ece79e60d2527364b6be79161ed135b3

COCOAPODS: 1.2.1
