PODS:
  - SVProgressHUD (2.2.1)
  - TLKit (22.1.23062602)

DEPENDENCIES:
  - SVProgressHUD
  - TLKit

SPEC REPOS:
  https://github.com/CocoaPods/Specs.git:
    - SVProgressHUD
  https://github.com/tourmalinelabs/iOSTLKitSDK.git:
    - TLKit

SPEC CHECKSUMS:
  SVProgressHUD: db27c54e6e18bc903341661fc9feb55e04905cc4
  TLKit: fadefd3bc645b22359fb38b80d532250bac483e9

PODFILE CHECKSUM: 2f729c2d2a91740206e5177f55c9cd0227bf4ab0

COCOAPODS: 1.12.1
